# generated by rye
# use `rye lock` or `rye sync` to update this lockfile
#
# last locked with the following flags:
#   pre: false
#   features: []
#   all-features: false
#   with-sources: false

-e file:.
anyio==4.4.0
    # via httpx
    # via litestar
certifi==2024.2.2
    # via httpcore
    # via httpx
click==8.1.7
    # via litestar
    # via rich-click
exceptiongroup==1.2.1
    # via anyio
    # via litestar
faker==25.2.0
    # via polyfactory
h11==0.14.0
    # via httpcore
httpcore==1.0.5
    # via httpx
httpx==0.27.0
    # via litestar
idna==3.7
    # via anyio
    # via httpx
importlib-metadata==7.1.0
    # via litestar
importlib-resources==6.4.0
    # via litestar
markdown-it-py==3.0.0
    # via rich
mdurl==0.1.2
    # via markdown-it-py
msgspec==0.18.6
    # via litestar
multidict==6.0.5
    # via litestar
polyfactory==2.16.0
    # via litestar
pygments==2.18.0
    # via rich
python-dateutil==2.9.0.post0
    # via faker
pyyaml==6.0.1
    # via litestar
rich==13.7.1
    # via litestar
    # via rich-click
rich-click==1.8.2
    # via litestar
six==1.16.0
    # via python-dateutil
sniffio==1.3.1
    # via anyio
    # via httpx
typing-extensions==4.12.0
    # via anyio
    # via litestar
    # via polyfactory
    # via rich
    # via rich-click
zipp==3.19.0
    # via importlib-metadata
    # via importlib-resources
